
Microsoft Visual Studio Solution File, Format Version 12.00
# Visual Studio Version 17
VisualStudioVersion = 17.5.002.0
MinimumVisualStudioVersion = 10.0.40219.1
Project("{9A19103F-16F7-4668-BE54-9A1E7A4F7556}") = "PermissaoDeEntrada", "PermissaoDeEntrada.csproj", "{935A0956-9342-4406-A371-49C83D735921}"
EndProject
Global
	GlobalSection(SolutionConfigurationPlatforms) = preSolution
		Debug|Any CPU = Debug|Any CPU
		Release|Any CPU = Release|Any CPU
	EndGlobalSection
	GlobalSection(ProjectConfigurationPlatforms) = postSolution
		{935A0956-9342-4406-A371-49C83D735921}.Debug|Any CPU.ActiveCfg = Debug|Any CPU
		{935A0956-9342-4406-A371-49C83D735921}.Debug|Any CPU.Build.0 = Debug|Any CPU
		{935A0956-9342-4406-A371-49C83D735921}.Release|Any CPU.ActiveCfg = Release|Any CPU
		{935A0956-9342-4406-A371-49C83D735921}.Release|Any CPU.Build.0 = Release|Any CPU
	EndGlobalSection
	GlobalSection(SolutionProperties) = preSolution
		HideSolutionNode = FALSE
	EndGlobalSection
	GlobalSection(ExtensibilityGlobals) = postSolution
		SolutionGuid = {CE3F39F9-86CB-45BC-8E07-74565CFBF54B}
	EndGlobalSection
EndGlobal
